
Microsoft Visual Studio Solution File, Format Version 12.00
# Visual Studio Version 17
VisualStudioVersion = 17.2.32630.192
MinimumVisualStudioVersion = 10.0.40219.1
Project("{9A19103F-16F7-4668-BE54-9A1E7A4F7556}") = "SF.LvmBlog", "SF.LvmBlog\SF.LvmBlog.csproj", "{EC850755-087C-4CC0-B39C-1C40A6F5CF19}"
EndProject
Project("{9A19103F-16F7-4668-BE54-9A1E7A4F7556}") = "SF.BlogApi", "SF.BlogApi\SF.BlogApi.csproj", "{49293466-BBF8-4485-850E-831E274DFF1F}"
EndProject
Project("{9A19103F-16F7-4668-BE54-9A1E7A4F7556}") = "SF.BlogData", "SF.BlogData\SF.BlogData.csproj", "{6D5A4246-F6FC-416C-92F7-85D4A314A553}"
EndProject
Project("{2150E333-8FDC-42A3-9474-1A3956D46DE8}") = "Solution Items", "Solution Items", "{ADC9B81F-FC44-4E71-83D9-01F1B9706AC4}"
	ProjectSection(SolutionItems) = preProject
		README.md = README.md
	EndProjectSection
EndProject
Global
	GlobalSection(SolutionConfigurationPlatforms) = preSolution
		Debug|Any CPU = Debug|Any CPU
		Release|Any CPU = Release|Any CPU
	EndGlobalSection
	GlobalSection(ProjectConfigurationPlatforms) = postSolution
		{EC850755-087C-4CC0-B39C-1C40A6F5CF19}.Debug|Any CPU.ActiveCfg = Debug|Any CPU
		{EC850755-087C-4CC0-B39C-1C40A6F5CF19}.Debug|Any CPU.Build.0 = Debug|Any CPU
		{EC850755-087C-4CC0-B39C-1C40A6F5CF19}.Release|Any CPU.ActiveCfg = Release|Any CPU
		{EC850755-087C-4CC0-B39C-1C40A6F5CF19}.Release|Any CPU.Build.0 = Release|Any CPU
		{49293466-BBF8-4485-850E-831E274DFF1F}.Debug|Any CPU.ActiveCfg = Debug|Any CPU
		{49293466-BBF8-4485-850E-831E274DFF1F}.Debug|Any CPU.Build.0 = Debug|Any CPU
		{49293466-BBF8-4485-850E-831E274DFF1F}.Release|Any CPU.ActiveCfg = Release|Any CPU
		{49293466-BBF8-4485-850E-831E274DFF1F}.Release|Any CPU.Build.0 = Release|Any CPU
		{6D5A4246-F6FC-416C-92F7-85D4A314A553}.Debug|Any CPU.ActiveCfg = Debug|Any CPU
		{6D5A4246-F6FC-416C-92F7-85D4A314A553}.Debug|Any CPU.Build.0 = Debug|Any CPU
		{6D5A4246-F6FC-416C-92F7-85D4A314A553}.Release|Any CPU.ActiveCfg = Release|Any CPU
		{6D5A4246-F6FC-416C-92F7-85D4A314A553}.Release|Any CPU.Build.0 = Release|Any CPU
	EndGlobalSection
	GlobalSection(SolutionProperties) = preSolution
		HideSolutionNode = FALSE
	EndGlobalSection
	GlobalSection(ExtensibilityGlobals) = postSolution
		SolutionGuid = {B54373BA-4854-47E8-B813-68D731C6AB27}
	EndGlobalSection
EndGlobal
